
Microsoft Visual Studio Solution File, Format Version 12.00
# Visual Studio 2013
VisualStudioVersion = 12.0.30723.0
MinimumVisualStudioVersion = 10.0.40219.1
Project("{FAE04EC0-301F-11D3-BF4B-00C04F79EFBC}") = "TestR", "TestR\TestR.csproj", "{DEC269ED-D43E-4D3A-BA25-238A9DD7CF04}"
EndProject
Project("{FAE04EC0-301F-11D3-BF4B-00C04F79EFBC}") = "TestR.PowerShell", "TestR.PowerShell\TestR.PowerShell.csproj", "{0896D938-1426-4D1A-8C06-649650404693}"
EndProject
Project("{FAE04EC0-301F-11D3-BF4B-00C04F79EFBC}") = "TestR.UnitTests", "TestR.UnitTests\TestR.UnitTests.csproj", "{D0B80489-8CF0-4F16-97A1-86F4C38ED0E3}"
EndProject
Project("{FAE04EC0-301F-11D3-BF4B-00C04F79EFBC}") = "TestR.IntegrationTests", "TestR.IntegrationTests\TestR.IntegrationTests.csproj", "{E930D215-4BCD-448B-8A9B-57F693C3F4D4}"
EndProject
Project("{2150E333-8FDC-42A3-9474-1A3956D46DE8}") = "Tests", "Tests", "{3948366D-874A-4713-9CF6-0FEB4638EB29}"
EndProject
Project("{FAE04EC0-301F-11D3-BF4B-00C04F79EFBC}") = "TestR.TestSite", "TestR.TestSite\TestR.TestSite.csproj", "{305A7931-97F0-4FCF-A236-021866EC3E2B}"
EndProject
Global
	GlobalSection(SolutionConfigurationPlatforms) = preSolution
		Debug|Any CPU = Debug|Any CPU
		Release|Any CPU = Release|Any CPU
	EndGlobalSection
	GlobalSection(ProjectConfigurationPlatforms) = postSolution
		{DEC269ED-D43E-4D3A-BA25-238A9DD7CF04}.Debug|Any CPU.ActiveCfg = Debug|Any CPU
		{DEC269ED-D43E-4D3A-BA25-238A9DD7CF04}.Debug|Any CPU.Build.0 = Debug|Any CPU
		{DEC269ED-D43E-4D3A-BA25-238A9DD7CF04}.Release|Any CPU.ActiveCfg = Release|Any CPU
		{DEC269ED-D43E-4D3A-BA25-238A9DD7CF04}.Release|Any CPU.Build.0 = Release|Any CPU
		{0896D938-1426-4D1A-8C06-649650404693}.Debug|Any CPU.ActiveCfg = Debug|Any CPU
		{0896D938-1426-4D1A-8C06-649650404693}.Debug|Any CPU.Build.0 = Debug|Any CPU
		{0896D938-1426-4D1A-8C06-649650404693}.Release|Any CPU.ActiveCfg = Release|Any CPU
		{0896D938-1426-4D1A-8C06-649650404693}.Release|Any CPU.Build.0 = Release|Any CPU
		{D0B80489-8CF0-4F16-97A1-86F4C38ED0E3}.Debug|Any CPU.ActiveCfg = Debug|Any CPU
		{D0B80489-8CF0-4F16-97A1-86F4C38ED0E3}.Debug|Any CPU.Build.0 = Debug|Any CPU
		{D0B80489-8CF0-4F16-97A1-86F4C38ED0E3}.Release|Any CPU.ActiveCfg = Release|Any CPU
		{D0B80489-8CF0-4F16-97A1-86F4C38ED0E3}.Release|Any CPU.Build.0 = Release|Any CPU
		{E930D215-4BCD-448B-8A9B-57F693C3F4D4}.Debug|Any CPU.ActiveCfg = Debug|Any CPU
		{E930D215-4BCD-448B-8A9B-57F693C3F4D4}.Debug|Any CPU.Build.0 = Debug|Any CPU
		{E930D215-4BCD-448B-8A9B-57F693C3F4D4}.Release|Any CPU.ActiveCfg = Release|Any CPU
		{E930D215-4BCD-448B-8A9B-57F693C3F4D4}.Release|Any CPU.Build.0 = Release|Any CPU
		{305A7931-97F0-4FCF-A236-021866EC3E2B}.Debug|Any CPU.ActiveCfg = Debug|Any CPU
		{305A7931-97F0-4FCF-A236-021866EC3E2B}.Debug|Any CPU.Build.0 = Debug|Any CPU
		{305A7931-97F0-4FCF-A236-021866EC3E2B}.Release|Any CPU.ActiveCfg = Release|Any CPU
		{305A7931-97F0-4FCF-A236-021866EC3E2B}.Release|Any CPU.Build.0 = Release|Any CPU
	EndGlobalSection
	GlobalSection(SolutionProperties) = preSolution
		HideSolutionNode = FALSE
	EndGlobalSection
	GlobalSection(NestedProjects) = preSolution
		{D0B80489-8CF0-4F16-97A1-86F4C38ED0E3} = {3948366D-874A-4713-9CF6-0FEB4638EB29}
		{E930D215-4BCD-448B-8A9B-57F693C3F4D4} = {3948366D-874A-4713-9CF6-0FEB4638EB29}
	EndGlobalSection
EndGlobal
